{
  "deps": {
    "skills": {
      "frontend-design": {
        "aipkgRef": "aipkg://skill/os/frontend-design@0.1.1",
        "version": "0.1.1",
        "sha": "sha256:08b5ffeecf15bdcef29eaee8900ff77556a6d58ebe85e6c4a8d1f2959e2f73f0"
      },
      "skill-creator": {
        "aipkgRef": "aipkg://skill/os/skill-creator@0.1.0",
        "version": "0.1.0",
        "sha": "sha256:02f5e635944a335ab50a89d70b30eb7ff87bdaf10a3255ecc0f90bd07c19467b"
      },
      "import-aipkgs": {
        "aipkgRef": "aipkg://skill/org443/import-aipkgs@0.1.0",
        "version": "0.1.0",
        "sha": "sha256:4b30039e02574fbafafd0d37d6d6b7f04b7e223b2d46f36e0ffc5db8b670f153"
      },
      "search-aipkgs": {
        "aipkgRef": "aipkg://skill/org443/search-aipkgs@0.1.1",
        "version": "0.1.1",
        "sha": "sha256:143d368c4212ee9da9f2f548c85aaab53c4b458589adb9e21cb8d87d58782716"
      }
    },
    "rules": {
      "node-general": {
        "aipkgRef": "aipkg://rule/org443/node-general@0.0.4",
        "version": "0.0.4",
        "sha": "sha256:fb50b29ba6acc7df0045d9bcd1918ac4fdbe496537be2705b168c39e443f5f5c"
      },
      "node-workspaces": {
        "aipkgRef": "aipkg://rule/org443/node-workspaces@0.0.3",
        "version": "0.0.3",
        "sha": "sha256:52f0b94b6314858271a450ac150fd5d2578932540dc88e375d488c01ee090f6c"
      },
      "short-comments": {
        "aipkgRef": "aipkg://rule/org443/short-comments@0.1.1",
        "version": "0.1.1",
        "sha": "sha256:0c0ac58fe31d193987a08181c69cf8c8a85f8083949c686a361681c37976c451"
      }
    },
    "setups": {
      "org443/workflow-mcps": {
        "aipkgRef": "aipkg://setup/org443/workflow-mcps@0.0.1",
        "version": "0.0.1",
        "sha": "sha256:6635e0c08cbf3992b35ac4eafa0481253c923c0254e17be1bdcba1c50035a715"
      },
      "workflow-mcps": {
        "aipkgRef": "aipkg://setup/org443/workflow-mcps@0.0.1",
        "version": "0.0.1",
        "sha": "sha256:6635e0c08cbf3992b35ac4eafa0481253c923c0254e17be1bdcba1c50035a715"
      },
      "org443/status-line": {
        "aipkgRef": "aipkg://setup/org443/status-line@0.0.5",
        "version": "0.0.5",
        "sha": "sha256:ca86535ec5b4399e7f924f7149b3e446324b24393b301c12a3586a63beacff3c"
      },
      "status-line": {
        "aipkgRef": "aipkg://setup/org443/status-line@0.0.5",
        "version": "0.0.5",
        "sha": "sha256:ca86535ec5b4399e7f924f7149b3e446324b24393b301c12a3586a63beacff3c"
      }
    },
    "statusLine": {
      "slug": "org443/status-line",
      "statusLine": {
        "type": "command",
        "command": "node ${PKG_ROOT}/scripts/status-line.js"
      }
    }
  }
}
