{
  "deps": {
    "cmds": {
      "search-aipkgs": {
        "aipkgRef": "aipkg://cmd/org443/search-aipkgs@latest",
        "version": "0.0.2",
        "sha": "sha256:b0f074daa7cacc06320cdf8be843a74e9909730af8a5b6d14ab3939fe5cf45e3"
      },
      "code-review": {
        "aipkgRef": "aipkg://cmd/org443/code-review@latest",
        "version": "0.0.2",
        "sha": "sha256:eb1a4465c03f87c3dac1afcf8700f57c025d33c540345a40ada7ab9dc5d05822"
      }
    },
    "skills": {
      "search-aipkgs": {
        "aipkgRef": "aipkg://skill/org443/search-aipkgs@latest",
        "version": "0.1.1",
        "sha": "sha256:28aaae79a413e73797b0c3b55000ed79cdedf01c7a630d454bd57b055b33c194",
        "parent": "aipkg://cmd/org443/search-aipkgs@0.0.2"
      },
      "frontend-design": {
        "aipkgRef": "aipkg://skill/os/frontend-design@latest",
        "version": "0.1.1",
        "sha": "sha256:d25456c4e6fd7482ba2e14323af4c979f65cde2aaccbd46ea0c3480f9c905ff2"
      },
      "brainstorming": {
        "aipkgRef": "aipkg://box/superpowers/Superpowers@0.1.5",
        "version": "0.1.5",
        "sha": "sha256:bb0b8b0bef49930b74a30313579e0951fbc14c931bb9de3aa41477667d2427f2",
        "parent": "aipkg://box/superpowers/Superpowers@0.1.5"
      },
      "dispatching-parallel-agents": {
        "aipkgRef": "aipkg://box/superpowers/Superpowers@0.1.5",
        "version": "0.1.5",
        "sha": "sha256:bb0b8b0bef49930b74a30313579e0951fbc14c931bb9de3aa41477667d2427f2",
        "parent": "aipkg://box/superpowers/Superpowers@0.1.5"
      },
      "executing-plans": {
        "aipkgRef": "aipkg://box/superpowers/Superpowers@0.1.5",
        "version": "0.1.5",
        "sha": "sha256:bb0b8b0bef49930b74a30313579e0951fbc14c931bb9de3aa41477667d2427f2",
        "parent": "aipkg://box/superpowers/Superpowers@0.1.5"
      },
      "finishing-a-development-branch": {
        "aipkgRef": "aipkg://box/superpowers/Superpowers@0.1.5",
        "version": "0.1.5",
        "sha": "sha256:bb0b8b0bef49930b74a30313579e0951fbc14c931bb9de3aa41477667d2427f2",
        "parent": "aipkg://box/superpowers/Superpowers@0.1.5"
      },
      "receiving-code-review": {
        "aipkgRef": "aipkg://box/superpowers/Superpowers@0.1.5",
        "version": "0.1.5",
        "sha": "sha256:bb0b8b0bef49930b74a30313579e0951fbc14c931bb9de3aa41477667d2427f2",
        "parent": "aipkg://box/superpowers/Superpowers@0.1.5"
      },
      "requesting-code-review": {
        "aipkgRef": "aipkg://box/superpowers/Superpowers@0.1.5",
        "version": "0.1.5",
        "sha": "sha256:bb0b8b0bef49930b74a30313579e0951fbc14c931bb9de3aa41477667d2427f2",
        "parent": "aipkg://box/superpowers/Superpowers@0.1.5"
      },
      "subagent-driven-development": {
        "aipkgRef": "aipkg://box/superpowers/Superpowers@0.1.5",
        "version": "0.1.5",
        "sha": "sha256:bb0b8b0bef49930b74a30313579e0951fbc14c931bb9de3aa41477667d2427f2",
        "parent": "aipkg://box/superpowers/Superpowers@0.1.5"
      },
      "systematic-debugging": {
        "aipkgRef": "aipkg://box/superpowers/Superpowers@0.1.5",
        "version": "0.1.5",
        "sha": "sha256:bb0b8b0bef49930b74a30313579e0951fbc14c931bb9de3aa41477667d2427f2",
        "parent": "aipkg://box/superpowers/Superpowers@0.1.5"
      },
      "test-driven-development": {
        "aipkgRef": "aipkg://box/superpowers/Superpowers@0.1.5",
        "version": "0.1.5",
        "sha": "sha256:bb0b8b0bef49930b74a30313579e0951fbc14c931bb9de3aa41477667d2427f2",
        "parent": "aipkg://box/superpowers/Superpowers@0.1.5"
      },
      "using-git-worktrees": {
        "aipkgRef": "aipkg://box/superpowers/Superpowers@0.1.5",
        "version": "0.1.5",
        "sha": "sha256:bb0b8b0bef49930b74a30313579e0951fbc14c931bb9de3aa41477667d2427f2",
        "parent": "aipkg://box/superpowers/Superpowers@0.1.5"
      },
      "using-superpowers": {
        "aipkgRef": "aipkg://box/superpowers/Superpowers@0.1.5",
        "version": "0.1.5",
        "sha": "sha256:bb0b8b0bef49930b74a30313579e0951fbc14c931bb9de3aa41477667d2427f2",
        "parent": "aipkg://box/superpowers/Superpowers@0.1.5"
      },
      "verification-before-completion": {
        "aipkgRef": "aipkg://box/superpowers/Superpowers@0.1.5",
        "version": "0.1.5",
        "sha": "sha256:bb0b8b0bef49930b74a30313579e0951fbc14c931bb9de3aa41477667d2427f2",
        "parent": "aipkg://box/superpowers/Superpowers@0.1.5"
      },
      "writing-plans": {
        "aipkgRef": "aipkg://box/superpowers/Superpowers@0.1.5",
        "version": "0.1.5",
        "sha": "sha256:bb0b8b0bef49930b74a30313579e0951fbc14c931bb9de3aa41477667d2427f2",
        "parent": "aipkg://box/superpowers/Superpowers@0.1.5"
      },
      "writing-skills": {
        "aipkgRef": "aipkg://box/superpowers/Superpowers@0.1.5",
        "version": "0.1.5",
        "sha": "sha256:bb0b8b0bef49930b74a30313579e0951fbc14c931bb9de3aa41477667d2427f2",
        "parent": "aipkg://box/superpowers/Superpowers@0.1.5"
      },
      "skill-creator": {
        "aipkgRef": "aipkg://skill/os/skill-creator@latest",
        "version": "0.1.0",
        "sha": "sha256:7e651bae13b58b78c9b7cf15b4adaaff0420c0c7b2a898d0e030893ab0ef3141"
      },
      "import-aipkgs": {
        "aipkgRef": "aipkg://skill/org443/import-aipkgs@latest",
        "version": "0.1.0",
        "sha": "sha256:1f2f6cacf6c0f7bc08598f7c3a1b2fac3e208e2d476d78d36e5f4557970385cf"
      }
    },
    "rules": {
      "node-general": {
        "aipkgRef": "aipkg://rule/org443/node-general@latest",
        "version": "0.0.3",
        "sha": "sha256:95bbe1f71503e4ee31de458192ccf7b1ab11bb7c2c26c7d88895435bbdfd5e21"
      },
      "node-workspaces": {
        "aipkgRef": "aipkg://rule/org443/node-workspaces@latest",
        "version": "0.0.3",
        "sha": "sha256:cc1439cb6a9a27ae47f47dc34d60f83a47b42c80ea7d94dfe1ab30fad54ea0d9"
      },
      "short-comments": {
        "aipkgRef": "aipkg://rule/org443/short-comments@latest",
        "version": "0.1.1",
        "sha": "sha256:21bae1231d1dfef73dec5bc9fdaa5ce5bea46773014b191b66d14468040be556"
      }
    },
    "boxes": {
      "Superpowers": {
        "aipkgRef": "aipkg://box/superpowers/Superpowers@0.1.5",
        "version": "0.1.5",
        "sha": "sha256:bb0b8b0bef49930b74a30313579e0951fbc14c931bb9de3aa41477667d2427f2"
      }
    },
    "hooks": {
      "Superpowers": {
        "aipkgRef": "aipkg://box/superpowers/Superpowers@0.1.5",
        "version": "0.1.5",
        "sha": "sha256:bb0b8b0bef49930b74a30313579e0951fbc14c931bb9de3aa41477667d2427f2",
        "parent": "aipkg://box/superpowers/Superpowers@0.1.5"
      }
    },
    "mcps": {
      "linear": {
        "url": "https://mcp.linear.app/mcp"
      }
    }
  }
}
